// !$*UTF8*$!
{
	archiveVersion = 1;
	classes = {
	};
	objectVersion = 77;
	objects = {

/* Begin PBXContainerItemProxy section */
		53BF34CB2E2F858E00EC4E8B /* PBXContainerItemProxy */ = {
			isa = PBXContainerItemProxy;
			containerPortal = 53BF34B52E2F858C00EC4E8B /* Project object */;
			proxyType = 1;
			remoteGlobalIDString = 53BF34BC2E2F858C00EC4E8B;
			remoteInfo = "Evently-EventsExplorer";
		};
		53BF34D52E2F858E00EC4E8B /* PBXContainerItemProxy */ = {
			isa = PBXContainerItemProxy;
			containerPortal = 53BF34B52E2F858C00EC4E8B /* Project object */;
			proxyType = 1;
			remoteGlobalIDString = 53BF34BC2E2F858C00EC4E8B;
			remoteInfo = "Evently-EventsExplorer";
		};
/* End PBXContainerItemProxy section */

/* Begin PBXFileReference section */
		53BF34BD2E2F858C00EC4E8B /* Evently-EventsExplorer.app */ = {isa = PBXFileReference; explicitFileType = wrapper.application; includeInIndex = 0; path = "Evently-EventsExplorer.app"; sourceTree = BUILT_PRODUCTS_DIR; };
		53BF34CA2E2F858E00EC4E8B /* Evently-EventsExplorerTests.xctest */ = {isa = PBXFileReference; explicitFileType = wrapper.cfbundle; includeInIndex = 0; path = "Evently-EventsExplorerTests.xctest"; sourceTree = BUILT_PRODUCTS_DIR; };
		53BF34D42E2F858E00EC4E8B /* Evently-EventsExplorerUITests.xctest */ = {isa = PBXFileReference; explicitFileType = wrapper.cfbundle; includeInIndex = 0; path = "Evently-EventsExplorerUITests.xctest"; sourceTree = BUILT_PRODUCTS_DIR; };
/* End PBXFileReference section */

/* Begin PBXFileSystemSynchronizedRootGroup section */
		53BF34BF2E2F858C00EC4E8B /* Evently-EventsExplorer */ = {
			isa = PBXFileSystemSynchronizedRootGroup;
			path = "Evently-EventsExplorer";
			sourceTree = "<group>";
		};
		53BF34CD2E2F858E00EC4E8B /* Evently-EventsExplorerTests */ = {
			isa = PBXFileSystemSynchronizedRootGroup;
			path = "Evently-EventsExplorerTests";
			sourceTree = "<group>";
		};
		53BF34D72E2F858E00EC4E8B /* Evently-EventsExplorerUITests */ = {
			isa = PBXFileSystemSynchronizedRootGroup;
			path = "Evently-EventsExplorerUITests";
			sourceTree = "<group>";
		};
/* End PBXFileSystemSynchronizedRootGroup section */

/* Begin PBXFrameworksBuildPhase section */
		53BF34BA2E2F858C00EC4E8B /* Frameworks */ = {
			isa = PBXFrameworksBuildPhase;
			buildActionMask = 2147483647;
			files = (
			);
			runOnlyForDeploymentPostprocessing = 0;
		};
		53BF34C72E2F858E00EC4E8B /* Frameworks */ = {
			isa = PBXFrameworksBuildPhase;
			buildActionMask = 2147483647;
			files = (
			);
			runOnlyForDeploymentPostprocessing = 0;
		};
		53BF34D12E2F858E00EC4E8B /* Frameworks */ = {
			isa = PBXFrameworksBuildPhase;
			buildActionMask = 2147483647;
			files = (
			);
			runOnlyForDeploymentPostprocessing = 0;
		};
/* End PBXFrameworksBuildPhase section */

/* Begin PBXGroup section */
		53BF34B42E2F858C00EC4E8B = {
			isa = PBXGroup;
			children = (
				53BF34BF2E2F858C00EC4E8B /* Evently-EventsExplorer */,
				53BF34CD2E2F858E00EC4E8B /* Evently-EventsExplorerTests */,
				53BF34D72E2F858E00EC4E8B /* Evently-EventsExplorerUITests */,
				53BF34BE2E2F858C00EC4E8B /* Products */,
			);
			sourceTree = "<group>";
		};
		53BF34BE2E2F858C00EC4E8B /* Products */ = {
			isa = PBXGroup;
			children = (
				53BF34BD2E2F858C00EC4E8B /* Evently-EventsExplorer.app */,
				53BF34CA2E2F858E00EC4E8B /* Evently-EventsExplorerTests.xctest */,
				53BF34D42E2F858E00EC4E8B /* Evently-EventsExplorerUITests.xctest */,
			);
			name = Products;
			sourceTree = "<group>";
		};
/* End PBXGroup section */

/* Begin PBXNativeTarget section */
		53BF34BC2E2F858C00EC4E8B /* Evently-EventsExplorer */ = {
			isa = PBXNativeTarget;
			buildConfigurationList = 53BF34DE2E2F858E00EC4E8B /* Build configuration list for PBXNativeTarget "Evently-EventsExplorer" */;
			buildPhases = (
				53BF34B92E2F858C00EC4E8B /* Sources */,
				53BF34BA2E2F858C00EC4E8B /* Frameworks */,
				53BF34BB2E2F858C00EC4E8B /* Resources */,
			);
			buildRules = (
			);
			dependencies = (
			);
			fileSystemSynchronizedGroups = (
				53BF34BF2E2F858C00EC4E8B /* Evently-EventsExplorer */,
			);
			name = "Evently-EventsExplorer";
			packageProductDependencies = (
			);
			productName = "Evently-EventsExplorer";
			productReference = 53BF34BD2E2F858C00EC4E8B /* Evently-EventsExplorer.app */;
			productType = "com.apple.product-type.application";
		};
		53BF34C92E2F858E00EC4E8B /* Evently-EventsExplorerTests */ = {
			isa = PBXNativeTarget;
			buildConfigurationList = 53BF34E12E2F858E00EC4E8B /* Build configuration list for PBXNativeTarget "Evently-EventsExplorerTests" */;
			buildPhases = (
				53BF34C62E2F858E00EC4E8B /* Sources */,
				53BF34C72E2F858E00EC4E8B /* Frameworks */,
				53BF34C82E2F858E00EC4E8B /* Resources */,
			);
			buildRules = (
			);
			dependencies = (
				53BF34CC2E2F858E00EC4E8B /* PBXTargetDependency */,
			);
			fileSystemSynchronizedGroups = (
				53BF34CD2E2F858E00EC4E8B /* Evently-EventsExplorerTests */,
			);
			name = "Evently-EventsExplorerTests";
			packageProductDependencies = (
			);
			productName = "Evently-EventsExplorerTests";
			productReference = 53BF34CA2E2F858E00EC4E8B /* Evently-EventsExplorerTests.xctest */;
			productType = "com.apple.product-type.bundle.unit-test";
		};
		53BF34D32E2F858E00EC4E8B /* Evently-EventsExplorerUITests */ = {
			isa = PBXNativeTarget;
			buildConfigurationList = 53BF34E42E2F858E00EC4E8B /* Build configuration list for PBXNativeTarget "Evently-EventsExplorerUITests" */;
			buildPhases = (
				53BF34D02E2F858E00EC4E8B /* Sources */,
				53BF34D12E2F858E00EC4E8B /* Frameworks */,
				53BF34D22E2F858E00EC4E8B /* Resources */,
			);
			buildRules = (
			);
			dependencies = (
				53BF34D62E2F858E00EC4E8B /* PBXTargetDependency */,
			);
			fileSystemSynchronizedGroups = (
				53BF34D72E2F858E00EC4E8B /* Evently-EventsExplorerUITests */,
			);
			name = "Evently-EventsExplorerUITests";
			packageProductDependencies = (
			);
			productName = "Evently-EventsExplorerUITests";
			productReference = 53BF34D42E2F858E00EC4E8B /* Evently-EventsExplorerUITests.xctest */;
			productType = "com.apple.product-type.bundle.ui-testing";
		};
/* End PBXNativeTarget section */

/* Begin PBXProject section */
		53BF34B52E2F858C00EC4E8B /* Project object */ = {
			isa = PBXProject;
			attributes = {
				BuildIndependentTargetsInParallel = 1;
				LastSwiftUpdateCheck = 1640;
				LastUpgradeCheck = 1640;
				TargetAttributes = {
					53BF34BC2E2F858C00EC4E8B = {
						CreatedOnToolsVersion = 16.4;
					};
					53BF34C92E2F858E00EC4E8B = {
						CreatedOnToolsVersion = 16.4;
						TestTargetID = 53BF34BC2E2F858C00EC4E8B;
					};
					53BF34D32E2F858E00EC4E8B = {
						CreatedOnToolsVersion = 16.4;
						TestTargetID = 53BF34BC2E2F858C00EC4E8B;
					};
				};
			};
			buildConfigurationList = 53BF34B82E2F858C00EC4E8B /* Build configuration list for PBXProject "Evently-EventsExplorer" */;
			developmentRegion = en;
			hasScannedForEncodings = 0;
			knownRegions = (
				en,
				Base,
			);
			mainGroup = 53BF34B42E2F858C00EC4E8B;
			minimizedProjectReferenceProxies = 1;
			preferredProjectObjectVersion = 77;
			productRefGroup = 53BF34BE2E2F858C00EC4E8B /* Products */;
			projectDirPath = "";
			projectRoot = "";
			targets = (
				53BF34BC2E2F858C00EC4E8B /* Evently-EventsExplorer */,
				53BF34C92E2F858E00EC4E8B /* Evently-EventsExplorerTests */,
				53BF34D32E2F858E00EC4E8B /* Evently-EventsExplorerUITests */,
			);
		};
/* End PBXProject section */

/* Begin PBXResourcesBuildPhase section */
		53BF34BB2E2F858C00EC4E8B /* Resources */ = {
			isa = PBXResourcesBuildPhase;
			buildActionMask = 2147483647;
			files = (
			);
			runOnlyForDeploymentPostprocessing = 0;
		};
		53BF34C82E2F858E00EC4E8B /* Resources */ = {
			isa = PBXResourcesBuildPhase;
			buildActionMask = 2147483647;
			files = (
			);
			runOnlyForDeploymentPostprocessing = 0;
		};
		53BF34D22E2F858E00EC4E8B /* Resources */ = {
			isa = PBXResourcesBuildPhase;
			buildActionMask = 2147483647;
			files = (
			);
			runOnlyForDeploymentPostprocessing = 0;
		};
/* End PBXResourcesBuildPhase section */

/* Begin PBXSourcesBuildPhase section */
		53BF34B92E2F858C00EC4E8B /* Sources */ = {
			isa = PBXSourcesBuildPhase;
			buildActionMask = 2147483647;
			files = (
			);
			runOnlyForDeploymentPostprocessing = 0;
		};
		53BF34C62E2F858E00EC4E8B /* Sources */ = {
			isa = PBXSourcesBuildPhase;
			buildActionMask = 2147483647;
			files = (
			);
			runOnlyForDeploymentPostprocessing = 0;
		};
		53BF34D02E2F858E00EC4E8B /* Sources */ = {
			isa = PBXSourcesBuildPhase;
			buildActionMask = 2147483647;
			files = (
			);
			runOnlyForDeploymentPostprocessing = 0;
		};
/* End PBXSourcesBuildPhase section */

/* Begin PBXTargetDependency section */
		53BF34CC2E2F858E00EC4E8B /* PBXTargetDependency */ = {
			isa = PBXTargetDependency;
			target = 53BF34BC2E2F858C00EC4E8B /* Evently-EventsExplorer */;
			targetProxy = 53BF34CB2E2F858E00EC4E8B /* PBXContainerItemProxy */;
		};
		53BF34D62E2F858E00EC4E8B /* PBXTargetDependency */ = {
			isa = PBXTargetDependency;
			target = 53BF34BC2E2F858C00EC4E8B /* Evently-EventsExplorer */;
			targetProxy = 53BF34D52E2F858E00EC4E8B /* PBXContainerItemProxy */;
		};
/* End PBXTargetDependency section */

/* Begin XCBuildConfiguration section */
		53BF34DC2E2F858E00EC4E8B /* Debug */ = {
			isa = XCBuildConfiguration;
			buildSettings = {
				ALWAYS_SEARCH_USER_PATHS = NO;
				ASSETCATALOG_COMPILER_GENERATE_SWIFT_ASSET_SYMBOL_EXTENSIONS = YES;
				CLANG_ANALYZER_NONNULL = YES;
				CLANG_ANALYZER_NUMBER_OBJECT_CONVERSION = YES_AGGRESSIVE;
				CLANG_CXX_LANGUAGE_STANDARD = "gnu++20";
				CLANG_ENABLE_MODULES = YES;
				CLANG_ENABLE_OBJC_ARC = YES;
				CLANG_ENABLE_OBJC_WEAK = YES;
				CLANG_WARN_BLOCK_CAPTURE_AUTORELEASING = YES;
				CLANG_WARN_BOOL_CONVERSION = YES;
				CLANG_WARN_COMMA = YES;
				CLANG_WARN_CONSTANT_CONVERSION = YES;
				CLANG_WARN_DEPRECATED_OBJC_IMPLEMENTATIONS = YES;
				CLANG_WARN_DIRECT_OBJC_ISA_USAGE = YES_ERROR;
				CLANG_WARN_DOCUMENTATION_COMMENTS = YES;
				CLANG_WARN_EMPTY_BODY = YES;
				CLANG_WARN_ENUM_CONVERSION = YES;
				CLANG_WARN_INFINITE_RECURSION = YES;
				CLANG_WARN_INT_CONVERSION = YES;
				CLANG_WARN_NON_LITERAL_NULL_CONVERSION = YES;
				CLANG_WARN_OBJC_IMPLICIT_RETAIN_SELF = YES;
				CLANG_WARN_OBJC_LITERAL_CONVERSION = YES;
				CLANG_WARN_OBJC_ROOT_CLASS = YES_ERROR;
				CLANG_WARN_QUOTED_INCLUDE_IN_FRAMEWORK_HEADER = YES;
				CLANG_WARN_RANGE_LOOP_ANALYSIS = YES;
				CLANG_WARN_STRICT_PROTOTYPES = YES;
				CLANG_WARN_SUSPICIOUS_MOVE = YES;
				CLANG_WARN_UNGUARDED_AVAILABILITY = YES_AGGRESSIVE;
				CLANG_WARN_UNREACHABLE_CODE = YES;
				CLANG_WARN__DUPLICATE_METHOD_MATCH = YES;
				COPY_PHASE_STRIP = NO;
				DEBUG_INFORMATION_FORMAT = dwarf;
				DEVELOPMENT_TEAM = 2G3ZY4K567;
				ENABLE_STRICT_OBJC_MSGSEND = YES;
				ENABLE_TESTABILITY = YES;
				ENABLE_USER_SCRIPT_SANDBOXING = YES;
				GCC_C_LANGUAGE_STANDARD = gnu17;
				GCC_DYNAMIC_NO_PIC = NO;
				GCC_NO_COMMON_BLOCKS = YES;
				GCC_OPTIMIZATION_LEVEL = 0;
				GCC_PREPROCESSOR_DEFINITIONS = (
					"DEBUG=1",
					"$(inherited)",
				);
				GCC_WARN_64_TO_32_BIT_CONVERSION = YES;
				GCC_WARN_ABOUT_RETURN_TYPE = YES_ERROR;
				GCC_WARN_UNDECLARED_SELECTOR = YES;
				GCC_WARN_UNINITIALIZED_AUTOS = YES_AGGRESSIVE;
				GCC_WARN_UNUSED_FUNCTION = YES;
				GCC_WARN_UNUSED_VARIABLE = YES;
				IPHONEOS_DEPLOYMENT_TARGET = 18.5;
				LOCALIZATION_PREFERS_STRING_CATALOGS = YES;
				MTL_ENABLE_DEBUG_INFO = INCLUDE_SOURCE;
				MTL_FAST_MATH = YES;
				ONLY_ACTIVE_ARCH = YES;
				SDKROOT = iphoneos;
				SWIFT_ACTIVE_COMPILATION_CONDITIONS = "DEBUG $(inherited)";
				SWIFT_OPTIMIZATION_LEVEL = "-Onone";
			};
			name = Debug;
		};
		53BF34DD2E2F858E00EC4E8B /* Release */ = {
			isa = XCBuildConfiguration;
			buildSettings = {
				ALWAYS_SEARCH_USER_PATHS = NO;
				ASSETCATALOG_COMPILER_GENERATE_SWIFT_ASSET_SYMBOL_EXTENSIONS = YES;
				CLANG_ANALYZER_NONNULL = YES;
				CLANG_ANALYZER_NUMBER_OBJECT_CONVERSION = YES_AGGRESSIVE;
				CLANG_CXX_LANGUAGE_STANDARD = "gnu++20";
				CLANG_ENABLE_MODULES = YES;
				CLANG_ENABLE_OBJC_ARC = YES;
				CLANG_ENABLE_OBJC_WEAK = YES;
				CLANG_WARN_BLOCK_CAPTURE_AUTORELEASING = YES;
				CLANG_WARN_BOOL_CONVERSION = YES;
				CLANG_WARN_COMMA = YES;
				CLANG_WARN_CONSTANT_CONVERSION = YES;
				CLANG_WARN_DEPRECATED_OBJC_IMPLEMENTATIONS = YES;
				CLANG_WARN_DIRECT_OBJC_ISA_USAGE = YES_ERROR;
				CLANG_WARN_DOCUMENTATION_COMMENTS = YES;
				CLANG_WARN_EMPTY_BODY = YES;
				CLANG_WARN_ENUM_CONVERSION = YES;
				CLANG_WARN_INFINITE_RECURSION = YES;
				CLANG_WARN_INT_CONVERSION = YES;
				CLANG_WARN_NON_LITERAL_NULL_CONVERSION = YES;
				CLANG_WARN_OBJC_IMPLICIT_RETAIN_SELF = YES;
				CLANG_WARN_OBJC_LITERAL_CONVERSION = YES;
				CLANG_WARN_OBJC_ROOT_CLASS = YES_ERROR;
				CLANG_WARN_QUOTED_INCLUDE_IN_FRAMEWORK_HEADER = YES;
				CLANG_WARN_RANGE_LOOP_ANALYSIS = YES;
				CLANG_WARN_STRICT_PROTOTYPES = YES;
				CLANG_WARN_SUSPICIOUS_MOVE = YES;
				CLANG_WARN_UNGUARDED_AVAILABILITY = YES_AGGRESSIVE;
				CLANG_WARN_UNREACHABLE_CODE = YES;
				CLANG_WARN__DUPLICATE_METHOD_MATCH = YES;
				COPY_PHASE_STRIP = NO;
				DEBUG_INFORMATION_FORMAT = "dwarf-with-dsym";
				DEVELOPMENT_TEAM = 2G3ZY4K567;
				ENABLE_NS_ASSERTIONS = NO;
				ENABLE_STRICT_OBJC_MSGSEND = YES;
				ENABLE_USER_SCRIPT_SANDBOXING = YES;
				GCC_C_LANGUAGE_STANDARD = gnu17;
				GCC_NO_COMMON_BLOCKS = YES;
				GCC_WARN_64_TO_32_BIT_CONVERSION = YES;
				GCC_WARN_ABOUT_RETURN_TYPE = YES_ERROR;
				GCC_WARN_UNDECLARED_SELECTOR = YES;
				GCC_WARN_UNINITIALIZED_AUTOS = YES_AGGRESSIVE;
				GCC_WARN_UNUSED_FUNCTION = YES;
				GCC_WARN_UNUSED_VARIABLE = YES;
				IPHONEOS_DEPLOYMENT_TARGET = 18.5;
				LOCALIZATION_PREFERS_STRING_CATALOGS = YES;
				MTL_ENABLE_DEBUG_INFO = NO;
				MTL_FAST_MATH = YES;
				SDKROOT = iphoneos;
				SWIFT_COMPILATION_MODE = wholemodule;
				VALIDATE_PRODUCT = YES;
			};
			name = Release;
		};
		53BF34DF2E2F858E00EC4E8B /* Debug */ = {
			isa = XCBuildConfiguration;
			buildSettings = {
				ASSETCATALOG_COMPILER_APPICON_NAME = AppIcon;
				ASSETCATALOG_COMPILER_GLOBAL_ACCENT_COLOR_NAME = AccentColor;
				CODE_SIGN_STYLE = Automatic;
				CURRENT_PROJECT_VERSION = 1;
				DEVELOPMENT_TEAM = 2G3ZY4K567;
				ENABLE_PREVIEWS = YES;
				GENERATE_INFOPLIST_FILE = YES;
				INFOPLIST_KEY_UIApplicationSceneManifest_Generation = YES;
				INFOPLIST_KEY_UIApplicationSupportsIndirectInputEvents = YES;
				INFOPLIST_KEY_UILaunchScreen_Generation = YES;
				INFOPLIST_KEY_UISupportedInterfaceOrientations_iPad = "UIInterfaceOrientationPortrait UIInterfaceOrientationPortraitUpsideDown UIInterfaceOrientationLandscapeLeft UIInterfaceOrientationLandscapeRight";
				INFOPLIST_KEY_UISupportedInterfaceOrientations_iPhone = "UIInterfaceOrientationPortrait UIInterfaceOrientationLandscapeLeft UIInterfaceOrientationLandscapeRight";
				LD_RUNPATH_SEARCH_PATHS = (
					"$(inherited)",
					"@executable_path/Frameworks",
				);
				MARKETING_VERSION = 1.0;
				PRODUCT_BUNDLE_IDENTIFIER = "com.nanda.Evently-EventsExplorer";
				PRODUCT_NAME = "$(TARGET_NAME)";
				SWIFT_EMIT_LOC_STRINGS = YES;
				SWIFT_VERSION = 5.0;
				TARGETED_DEVICE_FAMILY = "1,2";
			};
			name = Debug;
		};
		53BF34E02E2F858E00EC4E8B /* Release */ = {
			isa = XCBuildConfiguration;
			buildSettings = {
				ASSETCATALOG_COMPILER_APPICON_NAME = AppIcon;
				ASSETCATALOG_COMPILER_GLOBAL_ACCENT_COLOR_NAME = AccentColor;
				CODE_SIGN_STYLE = Automatic;
				CURRENT_PROJECT_VERSION = 1;
				DEVELOPMENT_TEAM = 2G3ZY4K567;
				ENABLE_PREVIEWS = YES;
				GENERATE_INFOPLIST_FILE = YES;
				INFOPLIST_KEY_UIApplicationSceneManifest_Generation = YES;
				INFOPLIST_KEY_UIApplicationSupportsIndirectInputEvents = YES;
				INFOPLIST_KEY_UILaunchScreen_Generation = YES;
				INFOPLIST_KEY_UISupportedInterfaceOrientations_iPad = "UIInterfaceOrientationPortrait UIInterfaceOrientationPortraitUpsideDown UIInterfaceOrientationLandscapeLeft UIInterfaceOrientationLandscapeRight";
				INFOPLIST_KEY_UISupportedInterfaceOrientations_iPhone = "UIInterfaceOrientationPortrait UIInterfaceOrientationLandscapeLeft UIInterfaceOrientationLandscapeRight";
				LD_RUNPATH_SEARCH_PATHS = (
					"$(inherited)",
					"@executable_path/Frameworks",
				);
				MARKETING_VERSION = 1.0;
				PRODUCT_BUNDLE_IDENTIFIER = "com.nanda.Evently-EventsExplorer";
				PRODUCT_NAME = "$(TARGET_NAME)";
				SWIFT_EMIT_LOC_STRINGS = YES;
				SWIFT_VERSION = 5.0;
				TARGETED_DEVICE_FAMILY = "1,2";
			};
			name = Release;
		};
		53BF34E22E2F858E00EC4E8B /* Debug */ = {
			isa = XCBuildConfiguration;
			buildSettings = {
				BUNDLE_LOADER = "$(TEST_HOST)";
				CODE_SIGN_STYLE = Automatic;
				CURRENT_PROJECT_VERSION = 1;
				DEVELOPMENT_TEAM = 2G3ZY4K567;
				GENERATE_INFOPLIST_FILE = YES;
				IPHONEOS_DEPLOYMENT_TARGET = 18.5;
				MARKETING_VERSION = 1.0;
				PRODUCT_BUNDLE_IDENTIFIER = "com.nanda.Evently-EventsExplorerTests";
				PRODUCT_NAME = "$(TARGET_NAME)";
				SWIFT_EMIT_LOC_STRINGS = NO;
				SWIFT_VERSION = 5.0;
				TARGETED_DEVICE_FAMILY = "1,2";
				TEST_HOST = "$(BUILT_PRODUCTS_DIR)/Evently-EventsExplorer.app/$(BUNDLE_EXECUTABLE_FOLDER_PATH)/Evently-EventsExplorer";
			};
			name = Debug;
		};
		53BF34E32E2F858E00EC4E8B /* Release */ = {
			isa = XCBuildConfiguration;
			buildSettings = {
				BUNDLE_LOADER = "$(TEST_HOST)";
				CODE_SIGN_STYLE = Automatic;
				CURRENT_PROJECT_VERSION = 1;
				DEVELOPMENT_TEAM = 2G3ZY4K567;
				GENERATE_INFOPLIST_FILE = YES;
				IPHONEOS_DEPLOYMENT_TARGET = 18.5;
				MARKETING_VERSION = 1.0;
				PRODUCT_BUNDLE_IDENTIFIER = "com.nanda.Evently-EventsExplorerTests";
				PRODUCT_NAME = "$(TARGET_NAME)";
				SWIFT_EMIT_LOC_STRINGS = NO;
				SWIFT_VERSION = 5.0;
				TARGETED_DEVICE_FAMILY = "1,2";
				TEST_HOST = "$(BUILT_PRODUCTS_DIR)/Evently-EventsExplorer.app/$(BUNDLE_EXECUTABLE_FOLDER_PATH)/Evently-EventsExplorer";
			};
			name = Release;
		};
		53BF34E52E2F858E00EC4E8B /* Debug */ = {
			isa = XCBuildConfiguration;
			buildSettings = {
				CODE_SIGN_STYLE = Automatic;
				CURRENT_PROJECT_VERSION = 1;
				DEVELOPMENT_TEAM = 2G3ZY4K567;
				GENERATE_INFOPLIST_FILE = YES;
				MARKETING_VERSION = 1.0;
				PRODUCT_BUNDLE_IDENTIFIER = "com.nanda.Evently-EventsExplorerUITests";
				PRODUCT_NAME = "$(TARGET_NAME)";
				SWIFT_EMIT_LOC_STRINGS = NO;
				SWIFT_VERSION = 5.0;
				TARGETED_DEVICE_FAMILY = "1,2";
				TEST_TARGET_NAME = "Evently-EventsExplorer";
			};
			name = Debug;
		};
		53BF34E62E2F858E00EC4E8B /* Release */ = {
			isa = XCBuildConfiguration;
			buildSettings = {
				CODE_SIGN_STYLE = Automatic;
				CURRENT_PROJECT_VERSION = 1;
				DEVELOPMENT_TEAM = 2G3ZY4K567;
				GENERATE_INFOPLIST_FILE = YES;
				MARKETING_VERSION = 1.0;
				PRODUCT_BUNDLE_IDENTIFIER = "com.nanda.Evently-EventsExplorerUITests";
				PRODUCT_NAME = "$(TARGET_NAME)";
				SWIFT_EMIT_LOC_STRINGS = NO;
				SWIFT_VERSION = 5.0;
				TARGETED_DEVICE_FAMILY = "1,2";
				TEST_TARGET_NAME = "Evently-EventsExplorer";
			};
			name = Release;
		};
/* End XCBuildConfiguration section */

/* Begin XCConfigurationList section */
		53BF34B82E2F858C00EC4E8B /* Build configuration list for PBXProject "Evently-EventsExplorer" */ = {
			isa = XCConfigurationList;
			buildConfigurations = (
				53BF34DC2E2F858E00EC4E8B /* Debug */,
				53BF34DD2E2F858E00EC4E8B /* Release */,
			);
			defaultConfigurationIsVisible = 0;
			defaultConfigurationName = Release;
		};
		53BF34DE2E2F858E00EC4E8B /* Build configuration list for PBXNativeTarget "Evently-EventsExplorer" */ = {
			isa = XCConfigurationList;
			buildConfigurations = (
				53BF34DF2E2F858E00EC4E8B /* Debug */,
				53BF34E02E2F858E00EC4E8B /* Release */,
			);
			defaultConfigurationIsVisible = 0;
			defaultConfigurationName = Release;
		};
		53BF34E12E2F858E00EC4E8B /* Build configuration list for PBXNativeTarget "Evently-EventsExplorerTests" */ = {
			isa = XCConfigurationList;
			buildConfigurations = (
				53BF34E22E2F858E00EC4E8B /* Debug */,
				53BF34E32E2F858E00EC4E8B /* Release */,
			);
			defaultConfigurationIsVisible = 0;
			defaultConfigurationName = Release;
		};
		53BF34E42E2F858E00EC4E8B /* Build configuration list for PBXNativeTarget "Evently-EventsExplorerUITests" */ = {
			isa = XCConfigurationList;
			buildConfigurations = (
				53BF34E52E2F858E00EC4E8B /* Debug */,
				53BF34E62E2F858E00EC4E8B /* Release */,
			);
			defaultConfigurationIsVisible = 0;
			defaultConfigurationName = Release;
		};
/* End XCConfigurationList section */
	};
	rootObject = 53BF34B52E2F858C00EC4E8B /* Project object */;
}
